
Microsoft Visual Studio Solution File, Format Version 12.00
# Visual Studio 15
VisualStudioVersion = 15.0.27703.2042
MinimumVisualStudioVersion = 10.0.40219.1
Project("{FAE04EC0-301F-11D3-BF4B-00C04F79EFBC}") = "CrazyflieDotNet", "Source\CrazyflieDotNet\CrazyflieDotNet.csproj", "{AB4EF799-1939-49A3-9294-FC2D0A059AE5}"
EndProject
Project("{2150E333-8FDC-42A3-9474-1A3956D46DE8}") = "SolutionItems", "SolutionItems", "{093544E9-EB0D-4A57-880A-7E1DC2561BAB}"
	ProjectSection(SolutionItems) = preProject
		Source\GlobalAssemblyInfo.cs = Source\GlobalAssemblyInfo.cs
	EndProjectSection
EndProject
Project("{9A19103F-16F7-4668-BE54-9A1E7A4F7556}") = "CrazyflieDotNet.Crazyradio", "Source\CrazyflieDotNet.Crazyradio\CrazyflieDotNet.Crazyradio.csproj", "{BE1BBF7E-C18D-455E-818B-07CDFD7C8956}"
EndProject
Project("{9A19103F-16F7-4668-BE54-9A1E7A4F7556}") = "CrazyflieDotNet.CrazyMessaging", "Source\CrazyflieDotNet.CrazyMessaging\CrazyflieDotNet.CrazyMessaging.csproj", "{64FAE397-0D57-4D7F-9DAE-222993BC5500}"
EndProject
Project("{9A19103F-16F7-4668-BE54-9A1E7A4F7556}") = "CrazyflieDotNet.Crazyflie", "Source\CrazyflieDotNet.Crazyflie\CrazyflieDotNet.Crazyflie.csproj", "{26A64350-D439-4A5F-AB58-92649D68142F}"
EndProject
Project("{9A19103F-16F7-4668-BE54-9A1E7A4F7556}") = "CrazyflieDotNet.Example", "Source\CrazyflieDotNet.Example\CrazyflieDotNet.Example.csproj", "{E455BBBE-C9D0-49E4-BAAD-15F9089BC1A4}"
EndProject
Project("{9A19103F-16F7-4668-BE54-9A1E7A4F7556}") = "CrazyflieDotNet.ConsoleClient", "Source\CrazyflieDotNet.ConsoleClient\CrazyflieDotNet.ConsoleClient.csproj", "{0AB122B6-8709-45C6-B3A1-6F34FB14DFD4}"
EndProject
Project("{FAE04EC0-301F-11D3-BF4B-00C04F79EFBC}") = "CrarzyflieDotNet.ConsoleClient.LowLevel", "Source\CrarzyflieDotNet.ConsoleClient.LowLevel\CrarzyflieDotNet.ConsoleClient.LowLevel.csproj", "{EB6FD223-E563-4F97-93D6-10E0E898F757}"
EndProject
Global
	GlobalSection(SolutionConfigurationPlatforms) = preSolution
		Debug|Any CPU = Debug|Any CPU
		Release|Any CPU = Release|Any CPU
	EndGlobalSection
	GlobalSection(ProjectConfigurationPlatforms) = postSolution
		{AB4EF799-1939-49A3-9294-FC2D0A059AE5}.Debug|Any CPU.ActiveCfg = Debug|Any CPU
		{AB4EF799-1939-49A3-9294-FC2D0A059AE5}.Debug|Any CPU.Build.0 = Debug|Any CPU
		{AB4EF799-1939-49A3-9294-FC2D0A059AE5}.Release|Any CPU.ActiveCfg = Release|Any CPU
		{AB4EF799-1939-49A3-9294-FC2D0A059AE5}.Release|Any CPU.Build.0 = Release|Any CPU
		{BE1BBF7E-C18D-455E-818B-07CDFD7C8956}.Debug|Any CPU.ActiveCfg = Debug|Any CPU
		{BE1BBF7E-C18D-455E-818B-07CDFD7C8956}.Debug|Any CPU.Build.0 = Debug|Any CPU
		{BE1BBF7E-C18D-455E-818B-07CDFD7C8956}.Release|Any CPU.ActiveCfg = Release|Any CPU
		{BE1BBF7E-C18D-455E-818B-07CDFD7C8956}.Release|Any CPU.Build.0 = Release|Any CPU
		{64FAE397-0D57-4D7F-9DAE-222993BC5500}.Debug|Any CPU.ActiveCfg = Debug|Any CPU
		{64FAE397-0D57-4D7F-9DAE-222993BC5500}.Debug|Any CPU.Build.0 = Debug|Any CPU
		{64FAE397-0D57-4D7F-9DAE-222993BC5500}.Release|Any CPU.ActiveCfg = Release|Any CPU
		{64FAE397-0D57-4D7F-9DAE-222993BC5500}.Release|Any CPU.Build.0 = Release|Any CPU
		{26A64350-D439-4A5F-AB58-92649D68142F}.Debug|Any CPU.ActiveCfg = Debug|Any CPU
		{26A64350-D439-4A5F-AB58-92649D68142F}.Debug|Any CPU.Build.0 = Debug|Any CPU
		{26A64350-D439-4A5F-AB58-92649D68142F}.Release|Any CPU.ActiveCfg = Release|Any CPU
		{26A64350-D439-4A5F-AB58-92649D68142F}.Release|Any CPU.Build.0 = Release|Any CPU
		{E455BBBE-C9D0-49E4-BAAD-15F9089BC1A4}.Debug|Any CPU.ActiveCfg = Debug|Any CPU
		{E455BBBE-C9D0-49E4-BAAD-15F9089BC1A4}.Debug|Any CPU.Build.0 = Debug|Any CPU
		{E455BBBE-C9D0-49E4-BAAD-15F9089BC1A4}.Release|Any CPU.ActiveCfg = Release|Any CPU
		{E455BBBE-C9D0-49E4-BAAD-15F9089BC1A4}.Release|Any CPU.Build.0 = Release|Any CPU
		{0AB122B6-8709-45C6-B3A1-6F34FB14DFD4}.Debug|Any CPU.ActiveCfg = Debug|Any CPU
		{0AB122B6-8709-45C6-B3A1-6F34FB14DFD4}.Debug|Any CPU.Build.0 = Debug|Any CPU
		{0AB122B6-8709-45C6-B3A1-6F34FB14DFD4}.Release|Any CPU.ActiveCfg = Release|Any CPU
		{0AB122B6-8709-45C6-B3A1-6F34FB14DFD4}.Release|Any CPU.Build.0 = Release|Any CPU
		{EB6FD223-E563-4F97-93D6-10E0E898F757}.Debug|Any CPU.ActiveCfg = Debug|Any CPU
		{EB6FD223-E563-4F97-93D6-10E0E898F757}.Debug|Any CPU.Build.0 = Debug|Any CPU
		{EB6FD223-E563-4F97-93D6-10E0E898F757}.Release|Any CPU.ActiveCfg = Release|Any CPU
		{EB6FD223-E563-4F97-93D6-10E0E898F757}.Release|Any CPU.Build.0 = Release|Any CPU
	EndGlobalSection
	GlobalSection(SolutionProperties) = preSolution
		HideSolutionNode = FALSE
	EndGlobalSection
	GlobalSection(ExtensibilityGlobals) = postSolution
		SolutionGuid = {9E59E308-793F-4602-A232-0E0D618644CC}
	EndGlobalSection
EndGlobal
